
Microsoft Visual Studio Solution File, Format Version 12.00
# Visual Studio Version 17
VisualStudioVersion = 17.12.35521.163 d17.12
MinimumVisualStudioVersion = 10.0.40219.1
Project("{FAE04EC0-301F-11D3-BF4B-00C04F79EFBC}") = "ajax-data-table-models", "ajax-data-table-models\ajax-data-table-models.csproj", "{4420BCA3-B01A-4CC8-AEEB-E1FE1D9474A0}"
EndProject
Project("{FAE04EC0-301F-11D3-BF4B-00C04F79EFBC}") = "ajax-data-table-demo", "ajax-data-table-demo\ajax-data-table-demo.csproj", "{904BA03A-FC8B-4E8C-8F41-C2E7FAD98A60}"
EndProject
Global
	GlobalSection(SolutionConfigurationPlatforms) = preSolution
		Debug|Any CPU = Debug|Any CPU
		Release|Any CPU = Release|Any CPU
	EndGlobalSection
	GlobalSection(ProjectConfigurationPlatforms) = postSolution
		{4420BCA3-B01A-4CC8-AEEB-E1FE1D9474A0}.Debug|Any CPU.ActiveCfg = Debug|Any CPU
		{4420BCA3-B01A-4CC8-AEEB-E1FE1D9474A0}.Debug|Any CPU.Build.0 = Debug|Any CPU
		{4420BCA3-B01A-4CC8-AEEB-E1FE1D9474A0}.Release|Any CPU.ActiveCfg = Release|Any CPU
		{4420BCA3-B01A-4CC8-AEEB-E1FE1D9474A0}.Release|Any CPU.Build.0 = Release|Any CPU
		{904BA03A-FC8B-4E8C-8F41-C2E7FAD98A60}.Debug|Any CPU.ActiveCfg = Debug|Any CPU
		{904BA03A-FC8B-4E8C-8F41-C2E7FAD98A60}.Debug|Any CPU.Build.0 = Debug|Any CPU
		{904BA03A-FC8B-4E8C-8F41-C2E7FAD98A60}.Release|Any CPU.ActiveCfg = Release|Any CPU
		{904BA03A-FC8B-4E8C-8F41-C2E7FAD98A60}.Release|Any CPU.Build.0 = Release|Any CPU
	EndGlobalSection
	GlobalSection(SolutionProperties) = preSolution
		HideSolutionNode = FALSE
	EndGlobalSection
	GlobalSection(ExtensibilityGlobals) = postSolution
		SolutionGuid = {2ADAAD3F-05BD-47E6-BB28-32894A41E127}
	EndGlobalSection
EndGlobal
