
Microsoft Visual Studio Solution File, Format Version 12.00
# Visual Studio Version 16
VisualStudioVersion = 16.0.31424.327
MinimumVisualStudioVersion = 10.0.40219.1
Project("{FAE04EC0-301F-11D3-BF4B-00C04F79EFBC}") = "ajax-data-table-test", "ajax-data-table-test\ajax-data-table-test.csproj", "{DC970406-A603-4E28-9668-A7593D953CA5}"
EndProject
Project("{FAE04EC0-301F-11D3-BF4B-00C04F79EFBC}") = "ajax-data-table", "ajax-data-table\ajax-data-table.csproj", "{1A72CBA0-674F-4F53-A847-5DDE68463328}"
EndProject
Project("{FAE04EC0-301F-11D3-BF4B-00C04F79EFBC}") = "ajax-data-table-models", "ajax-data-table-models\ajax-data-table-models.csproj", "{4420BCA3-B01A-4CC8-AEEB-E1FE1D9474A0}"
EndProject
Global
	GlobalSection(SolutionConfigurationPlatforms) = preSolution
		Debug|Any CPU = Debug|Any CPU
		Release|Any CPU = Release|Any CPU
	EndGlobalSection
	GlobalSection(ProjectConfigurationPlatforms) = postSolution
		{DC970406-A603-4E28-9668-A7593D953CA5}.Debug|Any CPU.ActiveCfg = Debug|Any CPU
		{DC970406-A603-4E28-9668-A7593D953CA5}.Debug|Any CPU.Build.0 = Debug|Any CPU
		{DC970406-A603-4E28-9668-A7593D953CA5}.Release|Any CPU.ActiveCfg = Release|Any CPU
		{DC970406-A603-4E28-9668-A7593D953CA5}.Release|Any CPU.Build.0 = Release|Any CPU
		{1A72CBA0-674F-4F53-A847-5DDE68463328}.Debug|Any CPU.ActiveCfg = Debug|Any CPU
		{1A72CBA0-674F-4F53-A847-5DDE68463328}.Debug|Any CPU.Build.0 = Debug|Any CPU
		{1A72CBA0-674F-4F53-A847-5DDE68463328}.Release|Any CPU.ActiveCfg = Release|Any CPU
		{1A72CBA0-674F-4F53-A847-5DDE68463328}.Release|Any CPU.Build.0 = Release|Any CPU
		{4420BCA3-B01A-4CC8-AEEB-E1FE1D9474A0}.Debug|Any CPU.ActiveCfg = Debug|Any CPU
		{4420BCA3-B01A-4CC8-AEEB-E1FE1D9474A0}.Debug|Any CPU.Build.0 = Debug|Any CPU
		{4420BCA3-B01A-4CC8-AEEB-E1FE1D9474A0}.Release|Any CPU.ActiveCfg = Release|Any CPU
		{4420BCA3-B01A-4CC8-AEEB-E1FE1D9474A0}.Release|Any CPU.Build.0 = Release|Any CPU
	EndGlobalSection
	GlobalSection(SolutionProperties) = preSolution
		HideSolutionNode = FALSE
	EndGlobalSection
	GlobalSection(ExtensibilityGlobals) = postSolution
		SolutionGuid = {2ADAAD3F-05BD-47E6-BB28-32894A41E127}
	EndGlobalSection
EndGlobal
