
Microsoft Visual Studio Solution File, Format Version 12.00
# Visual Studio 14
VisualStudioVersion = 14.0.25420.1
MinimumVisualStudioVersion = 10.0.40219.1
Project("{FAE04EC0-301F-11D3-BF4B-00C04F79EFBC}") = "ajax-data-table-test", "ajax-data-table-test\ajax-data-table-test.csproj", "{DC970406-A603-4E28-9668-A7593D953CA5}"
EndProject
Project("{FAE04EC0-301F-11D3-BF4B-00C04F79EFBC}") = "ajax-data-table", "ajax-data-table\ajax-data-table.csproj", "{1A72CBA0-674F-4F53-A847-5DDE68463328}"
EndProject
Global
	GlobalSection(SolutionConfigurationPlatforms) = preSolution
		Debug|Any CPU = Debug|Any CPU
		Release|Any CPU = Release|Any CPU
	EndGlobalSection
	GlobalSection(ProjectConfigurationPlatforms) = postSolution
		{DC970406-A603-4E28-9668-A7593D953CA5}.Debug|Any CPU.ActiveCfg = Debug|Any CPU
		{DC970406-A603-4E28-9668-A7593D953CA5}.Debug|Any CPU.Build.0 = Debug|Any CPU
		{DC970406-A603-4E28-9668-A7593D953CA5}.Release|Any CPU.ActiveCfg = Release|Any CPU
		{DC970406-A603-4E28-9668-A7593D953CA5}.Release|Any CPU.Build.0 = Release|Any CPU
		{1A72CBA0-674F-4F53-A847-5DDE68463328}.Debug|Any CPU.ActiveCfg = Debug|Any CPU
		{1A72CBA0-674F-4F53-A847-5DDE68463328}.Debug|Any CPU.Build.0 = Debug|Any CPU
		{1A72CBA0-674F-4F53-A847-5DDE68463328}.Release|Any CPU.ActiveCfg = Release|Any CPU
		{1A72CBA0-674F-4F53-A847-5DDE68463328}.Release|Any CPU.Build.0 = Release|Any CPU
	EndGlobalSection
	GlobalSection(SolutionProperties) = preSolution
		HideSolutionNode = FALSE
	EndGlobalSection
EndGlobal
